// !$*UTF8*$!
{
	archiveVersion = 1;
	classes = {
	};
	objectVersion = 50;
	objects = {

/* Begin PBXBuildFile section */
		D627BB3721F6867D00A2524A /* AppDelegate.swift in Sources */ = {isa = PBXBuildFile; fileRef = D627BB3621F6867D00A2524A /* AppDelegate.swift */; };
		D627BB3921F6867D00A2524A /* ViewController.swift in Sources */ = {isa = PBXBuildFile; fileRef = D627BB3821F6867D00A2524A /* ViewController.swift */; };
		D627BB3C21F6867D00A2524A /* Main.storyboard in Resources */ = {isa = PBXBuildFile; fileRef = D627BB3A21F6867D00A2524A /* Main.storyboard */; };
		D627BB3E21F6867E00A2524A /* Assets.xcassets in Resources */ = {isa = PBXBuildFile; fileRef = D627BB3D21F6867E00A2524A /* Assets.xcassets */; };
		D627BB4121F6867E00A2524A /* LaunchScreen.storyboard in Resources */ = {isa = PBXBuildFile; fileRef = D627BB3F21F6867E00A2524A /* LaunchScreen.storyboard */; };
		D627BB4C21F686C500A2524A /* lamp-on.png in Resources */ = {isa = PBXBuildFile; fileRef = D627BB4921F686C400A2524A /* lamp-on.png */; };
		D627BB4D21F686C500A2524A /* lamp-remove.png in Resources */ = {isa = PBXBuildFile; fileRef = D627BB4A21F686C500A2524A /* lamp-remove.png */; };
		D627BB4E21F686C500A2524A /* lamp-off.png in Resources */ = {isa = PBXBuildFile; fileRef = D627BB4B21F686C500A2524A /* lamp-off.png */; };
/* End PBXBuildFile section */

/* Begin PBXFileReference section */
		D627BB3321F6867D00A2524A /* 190122_Alert.app */ = {isa = PBXFileReference; explicitFileType = wrapper.application; includeInIndex = 0; path = 190122_Alert.app; sourceTree = BUILT_PRODUCTS_DIR; };
		D627BB3621F6867D00A2524A /* AppDelegate.swift */ = {isa = PBXFileReference; lastKnownFileType = sourcecode.swift; path = AppDelegate.swift; sourceTree = "<group>"; };
		D627BB3821F6867D00A2524A /* ViewController.swift */ = {isa = PBXFileReference; lastKnownFileType = sourcecode.swift; path = ViewController.swift; sourceTree = "<group>"; };
		D627BB3B21F6867D00A2524A /* Base */ = {isa = PBXFileReference; lastKnownFileType = file.storyboard; name = Base; path = Base.lproj/Main.storyboard; sourceTree = "<group>"; };
		D627BB3D21F6867E00A2524A /* Assets.xcassets */ = {isa = PBXFileReference; lastKnownFileType = folder.assetcatalog; path = Assets.xcassets; sourceTree = "<group>"; };
		D627BB4021F6867E00A2524A /* Base */ = {isa = PBXFileReference; lastKnownFileType = file.storyboard; name = Base; path = Base.lproj/LaunchScreen.storyboard; sourceTree = "<group>"; };
		D627BB4221F6867E00A2524A /* Info.plist */ = {isa = PBXFileReference; lastKnownFileType = text.plist.xml; path = Info.plist; sourceTree = "<group>"; };
		D627BB4921F686C400A2524A /* lamp-on.png */ = {isa = PBXFileReference; lastKnownFileType = image.png; path = "lamp-on.png"; sourceTree = "<group>"; };
		D627BB4A21F686C500A2524A /* lamp-remove.png */ = {isa = PBXFileReference; lastKnownFileType = image.png; path = "lamp-remove.png"; sourceTree = "<group>"; };
		D627BB4B21F686C500A2524A /* lamp-off.png */ = {isa = PBXFileReference; lastKnownFileType = image.png; path = "lamp-off.png"; sourceTree = "<group>"; };
/* End PBXFileReference section */

/* Begin PBXFrameworksBuildPhase section */
		D627BB3021F6867D00A2524A /* Frameworks */ = {
			isa = PBXFrameworksBuildPhase;
			buildActionMask = 2147483647;
			files = (
			);
			runOnlyForDeploymentPostprocessing = 0;
		};
/* End PBXFrameworksBuildPhase section */

/* Begin PBXGroup section */
		D627BB2A21F6867D00A2524A = {
			isa = PBXGroup;
			children = (
				D627BB3521F6867D00A2524A /* 190122_Alert */,
				D627BB3421F6867D00A2524A /* Products */,
			);
			sourceTree = "<group>";
		};
		D627BB3421F6867D00A2524A /* Products */ = {
			isa = PBXGroup;
			children = (
				D627BB3321F6867D00A2524A /* 190122_Alert.app */,
			);
			name = Products;
			sourceTree = "<group>";
		};
		D627BB3521F6867D00A2524A /* 190122_Alert */ = {
			isa = PBXGroup;
			children = (
				D627BB4821F686B800A2524A /* images */,
				D627BB3621F6867D00A2524A /* AppDelegate.swift */,
				D627BB3821F6867D00A2524A /* ViewController.swift */,
				D627BB3A21F6867D00A2524A /* Main.storyboard */,
				D627BB3D21F6867E00A2524A /* Assets.xcassets */,
				D627BB3F21F6867E00A2524A /* LaunchScreen.storyboard */,
				D627BB4221F6867E00A2524A /* Info.plist */,
			);
			path = 190122_Alert;
			sourceTree = "<group>";
		};
		D627BB4821F686B800A2524A /* images */ = {
			isa = PBXGroup;
			children = (
				D627BB4B21F686C500A2524A /* lamp-off.png */,
				D627BB4921F686C400A2524A /* lamp-on.png */,
				D627BB4A21F686C500A2524A /* lamp-remove.png */,
			);
			path = images;
			sourceTree = "<group>";
		};
/* End PBXGroup section */

/* Begin PBXNativeTarget section */
		D627BB3221F6867D00A2524A /* 190122_Alert */ = {
			isa = PBXNativeTarget;
			buildConfigurationList = D627BB4521F6867E00A2524A /* Build configuration list for PBXNativeTarget "190122_Alert" */;
			buildPhases = (
				D627BB2F21F6867D00A2524A /* Sources */,
				D627BB3021F6867D00A2524A /* Frameworks */,
				D627BB3121F6867D00A2524A /* Resources */,
			);
			buildRules = (
			);
			dependencies = (
			);
			name = 190122_Alert;
			productName = 190122_Alert;
			productReference = D627BB3321F6867D00A2524A /* 190122_Alert.app */;
			productType = "com.apple.product-type.application";
		};
/* End PBXNativeTarget section */

/* Begin PBXProject section */
		D627BB2B21F6867D00A2524A /* Project object */ = {
			isa = PBXProject;
			attributes = {
				LastSwiftUpdateCheck = 1010;
				LastUpgradeCheck = 1010;
				ORGANIZATIONNAME = HOEINN;
				TargetAttributes = {
					D627BB3221F6867D00A2524A = {
						CreatedOnToolsVersion = 10.1;
					};
				};
			};
			buildConfigurationList = D627BB2E21F6867D00A2524A /* Build configuration list for PBXProject "190122_Alert" */;
			compatibilityVersion = "Xcode 9.3";
			developmentRegion = en;
			hasScannedForEncodings = 0;
			knownRegions = (
				en,
				Base,
			);
			mainGroup = D627BB2A21F6867D00A2524A;
			productRefGroup = D627BB3421F6867D00A2524A /* Products */;
			projectDirPath = "";
			projectRoot = "";
			targets = (
				D627BB3221F6867D00A2524A /* 190122_Alert */,
			);
		};
/* End PBXProject section */

/* Begin PBXResourcesBuildPhase section */
		D627BB3121F6867D00A2524A /* Resources */ = {
			isa = PBXResourcesBuildPhase;
			buildActionMask = 2147483647;
			files = (
				D627BB4121F6867E00A2524A /* LaunchScreen.storyboard in Resources */,
				D627BB4E21F686C500A2524A /* lamp-off.png in Resources */,
				D627BB4D21F686C500A2524A /* lamp-remove.png in Resources */,
				D627BB3E21F6867E00A2524A /* Assets.xcassets in Resources */,
				D627BB4C21F686C500A2524A /* lamp-on.png in Resources */,
				D627BB3C21F6867D00A2524A /* Main.storyboard in Resources */,
			);
			runOnlyForDeploymentPostprocessing = 0;
		};
/* End PBXResourcesBuildPhase section */

/* Begin PBXSourcesBuildPhase section */
		D627BB2F21F6867D00A2524A /* Sources */ = {
			isa = PBXSourcesBuildPhase;
			buildActionMask = 2147483647;
			files = (
				D627BB3921F6867D00A2524A /* ViewController.swift in Sources */,
				D627BB3721F6867D00A2524A /* AppDelegate.swift in Sources */,
			);
			runOnlyForDeploymentPostprocessing = 0;
		};
/* End PBXSourcesBuildPhase section */

/* Begin PBXVariantGroup section */
		D627BB3A21F6867D00A2524A /* Main.storyboard */ = {
			isa = PBXVariantGroup;
			children = (
				D627BB3B21F6867D00A2524A /* Base */,
			);
			name = Main.storyboard;
			sourceTree = "<group>";
		};
		D627BB3F21F6867E00A2524A /* LaunchScreen.storyboard */ = {
			isa = PBXVariantGroup;
			children = (
				D627BB4021F6867E00A2524A /* Base */,
			);
			name = LaunchScreen.storyboard;
			sourceTree = "<group>";
		};
/* End PBXVariantGroup section */

/* Begin XCBuildConfiguration section */
		D627BB4321F6867E00A2524A /* Debug */ = {
			isa = XCBuildConfiguration;
			buildSettings = {
				ALWAYS_SEARCH_USER_PATHS = NO;
				CLANG_ANALYZER_NONNULL = YES;
				CLANG_ANALYZER_NUMBER_OBJECT_CONVERSION = YES_AGGRESSIVE;
				CLANG_CXX_LANGUAGE_STANDARD = "gnu++14";
				CLANG_CXX_LIBRARY = "libc++";
				CLANG_ENABLE_MODULES = YES;
				CLANG_ENABLE_OBJC_ARC = YES;
				CLANG_ENABLE_OBJC_WEAK = YES;
				CLANG_WARN_BLOCK_CAPTURE_AUTORELEASING = YES;
				CLANG_WARN_BOOL_CONVERSION = YES;
				CLANG_WARN_COMMA = YES;
				CLANG_WARN_CONSTANT_CONVERSION = YES;
				CLANG_WARN_DEPRECATED_OBJC_IMPLEMENTATIONS = YES;
				CLANG_WARN_DIRECT_OBJC_ISA_USAGE = YES_ERROR;
				CLANG_WARN_DOCUMENTATION_COMMENTS = YES;
				CLANG_WARN_EMPTY_BODY = YES;
				CLANG_WARN_ENUM_CONVERSION = YES;
				CLANG_WARN_INFINITE_RECURSION = YES;
				CLANG_WARN_INT_CONVERSION = YES;
				CLANG_WARN_NON_LITERAL_NULL_CONVERSION = YES;
				CLANG_WARN_OBJC_IMPLICIT_RETAIN_SELF = YES;
				CLANG_WARN_OBJC_LITERAL_CONVERSION = YES;
				CLANG_WARN_OBJC_ROOT_CLASS = YES_ERROR;
				CLANG_WARN_RANGE_LOOP_ANALYSIS = YES;
				CLANG_WARN_STRICT_PROTOTYPES = YES;
				CLANG_WARN_SUSPICIOUS_MOVE = YES;
				CLANG_WARN_UNGUARDED_AVAILABILITY = YES_AGGRESSIVE;
				CLANG_WARN_UNREACHABLE_CODE = YES;
				CLANG_WARN__DUPLICATE_METHOD_MATCH = YES;
				CODE_SIGN_IDENTITY = "iPhone Developer";
				COPY_PHASE_STRIP = NO;
				DEBUG_INFORMATION_FORMAT = dwarf;
				ENABLE_STRICT_OBJC_MSGSEND = YES;
				ENABLE_TESTABILITY = YES;
				GCC_C_LANGUAGE_STANDARD = gnu11;
				GCC_DYNAMIC_NO_PIC = NO;
				GCC_NO_COMMON_BLOCKS = YES;
				GCC_OPTIMIZATION_LEVEL = 0;
				GCC_PREPROCESSOR_DEFINITIONS = (
					"DEBUG=1",
					"$(inherited)",
				);
				GCC_WARN_64_TO_32_BIT_CONVERSION = YES;
				GCC_WARN_ABOUT_RETURN_TYPE = YES_ERROR;
				GCC_WARN_UNDECLARED_SELECTOR = YES;
				GCC_WARN_UNINITIALIZED_AUTOS = YES_AGGRESSIVE;
				GCC_WARN_UNUSED_FUNCTION = YES;
				GCC_WARN_UNUSED_VARIABLE = YES;
				IPHONEOS_DEPLOYMENT_TARGET = 12.1;
				MTL_ENABLE_DEBUG_INFO = INCLUDE_SOURCE;
				MTL_FAST_MATH = YES;
				ONLY_ACTIVE_ARCH = YES;
				SDKROOT = iphoneos;
				SWIFT_ACTIVE_COMPILATION_CONDITIONS = DEBUG;
				SWIFT_OPTIMIZATION_LEVEL = "-Onone";
			};
			name = Debug;
		};
		D627BB4421F6867E00A2524A /* Release */ = {
			isa = XCBuildConfiguration;
			buildSettings = {
				ALWAYS_SEARCH_USER_PATHS = NO;
				CLANG_ANALYZER_NONNULL = YES;
				CLANG_ANALYZER_NUMBER_OBJECT_CONVERSION = YES_AGGRESSIVE;
				CLANG_CXX_LANGUAGE_STANDARD = "gnu++14";
				CLANG_CXX_LIBRARY = "libc++";
				CLANG_ENABLE_MODULES = YES;
				CLANG_ENABLE_OBJC_ARC = YES;
				CLANG_ENABLE_OBJC_WEAK = YES;
				CLANG_WARN_BLOCK_CAPTURE_AUTORELEASING = YES;
				CLANG_WARN_BOOL_CONVERSION = YES;
				CLANG_WARN_COMMA = YES;
				CLANG_WARN_CONSTANT_CONVERSION = YES;
				CLANG_WARN_DEPRECATED_OBJC_IMPLEMENTATIONS = YES;
				CLANG_WARN_DIRECT_OBJC_ISA_USAGE = YES_ERROR;
				CLANG_WARN_DOCUMENTATION_COMMENTS = YES;
				CLANG_WARN_EMPTY_BODY = YES;
				CLANG_WARN_ENUM_CONVERSION = YES;
				CLANG_WARN_INFINITE_RECURSION = YES;
				CLANG_WARN_INT_CONVERSION = YES;
				CLANG_WARN_NON_LITERAL_NULL_CONVERSION = YES;
				CLANG_WARN_OBJC_IMPLICIT_RETAIN_SELF = YES;
				CLANG_WARN_OBJC_LITERAL_CONVERSION = YES;
				CLANG_WARN_OBJC_ROOT_CLASS = YES_ERROR;
				CLANG_WARN_RANGE_LOOP_ANALYSIS = YES;
				CLANG_WARN_STRICT_PROTOTYPES = YES;
				CLANG_WARN_SUSPICIOUS_MOVE = YES;
				CLANG_WARN_UNGUARDED_AVAILABILITY = YES_AGGRESSIVE;
				CLANG_WARN_UNREACHABLE_CODE = YES;
				CLANG_WARN__DUPLICATE_METHOD_MATCH = YES;
				CODE_SIGN_IDENTITY = "iPhone Developer";
				COPY_PHASE_STRIP = NO;
				DEBUG_INFORMATION_FORMAT = "dwarf-with-dsym";
				ENABLE_NS_ASSERTIONS = NO;
				ENABLE_STRICT_OBJC_MSGSEND = YES;
				GCC_C_LANGUAGE_STANDARD = gnu11;
				GCC_NO_COMMON_BLOCKS = YES;
				GCC_WARN_64_TO_32_BIT_CONVERSION = YES;
				GCC_WARN_ABOUT_RETURN_TYPE = YES_ERROR;
				GCC_WARN_UNDECLARED_SELECTOR = YES;
				GCC_WARN_UNINITIALIZED_AUTOS = YES_AGGRESSIVE;
				GCC_WARN_UNUSED_FUNCTION = YES;
				GCC_WARN_UNUSED_VARIABLE = YES;
				IPHONEOS_DEPLOYMENT_TARGET = 12.1;
				MTL_ENABLE_DEBUG_INFO = NO;
				MTL_FAST_MATH = YES;
				SDKROOT = iphoneos;
				SWIFT_COMPILATION_MODE = wholemodule;
				SWIFT_OPTIMIZATION_LEVEL = "-O";
				VALIDATE_PRODUCT = YES;
			};
			name = Release;
		};
		D627BB4621F6867E00A2524A /* Debug */ = {
			isa = XCBuildConfiguration;
			buildSettings = {
				ASSETCATALOG_COMPILER_APPICON_NAME = AppIcon;
				CODE_SIGN_STYLE = Automatic;
				DEVELOPMENT_TEAM = "";
				INFOPLIST_FILE = 190122_Alert/Info.plist;
				LD_RUNPATH_SEARCH_PATHS = (
					"$(inherited)",
					"@executable_path/Frameworks",
				);
				PRODUCT_BUNDLE_IDENTIFIER = "com.HOEINN.-90122-Alert";
				PRODUCT_NAME = "$(TARGET_NAME)";
				SWIFT_VERSION = 4.2;
				TARGETED_DEVICE_FAMILY = "1,2";
			};
			name = Debug;
		};
		D627BB4721F6867E00A2524A /* Release */ = {
			isa = XCBuildConfiguration;
			buildSettings = {
				ASSETCATALOG_COMPILER_APPICON_NAME = AppIcon;
				CODE_SIGN_STYLE = Automatic;
				DEVELOPMENT_TEAM = "";
				INFOPLIST_FILE = 190122_Alert/Info.plist;
				LD_RUNPATH_SEARCH_PATHS = (
					"$(inherited)",
					"@executable_path/Frameworks",
				);
				PRODUCT_BUNDLE_IDENTIFIER = "com.HOEINN.-90122-Alert";
				PRODUCT_NAME = "$(TARGET_NAME)";
				SWIFT_VERSION = 4.2;
				TARGETED_DEVICE_FAMILY = "1,2";
			};
			name = Release;
		};
/* End XCBuildConfiguration section */

/* Begin XCConfigurationList section */
		D627BB2E21F6867D00A2524A /* Build configuration list for PBXProject "190122_Alert" */ = {
			isa = XCConfigurationList;
			buildConfigurations = (
				D627BB4321F6867E00A2524A /* Debug */,
				D627BB4421F6867E00A2524A /* Release */,
			);
			defaultConfigurationIsVisible = 0;
			defaultConfigurationName = Release;
		};
		D627BB4521F6867E00A2524A /* Build configuration list for PBXNativeTarget "190122_Alert" */ = {
			isa = XCConfigurationList;
			buildConfigurations = (
				D627BB4621F6867E00A2524A /* Debug */,
				D627BB4721F6867E00A2524A /* Release */,
			);
			defaultConfigurationIsVisible = 0;
			defaultConfigurationName = Release;
		};
/* End XCConfigurationList section */
	};
	rootObject = D627BB2B21F6867D00A2524A /* Project object */;
}
